// !$*UTF8*$!
{
	archiveVersion = 1;
	classes = {
	};
	objectVersion = 50;
	objects = {

/* Begin PBXBuildFile section */
		17CEAE718752DEF2AFA3E036 /* libPods-BluetoothKitObjC.a in Frameworks */ = {isa = PBXBuildFile; fileRef = 4BCFEFA83DA3B316A1D714D7 /* libPods-BluetoothKitObjC.a */; };
		7E371D6E2174F43900ECC2C6 /* AppDelegate.m in Sources */ = {isa = PBXBuildFile; fileRef = 7E371D6D2174F43900ECC2C6 /* AppDelegate.m */; };
		7E371D712174F43900ECC2C6 /* ViewController.m in Sources */ = {isa = PBXBuildFile; fileRef = 7E371D702174F43900ECC2C6 /* ViewController.m */; };
		7E371D742174F43900ECC2C6 /* Main.storyboard in Resources */ = {isa = PBXBuildFile; fileRef = 7E371D722174F43900ECC2C6 /* Main.storyboard */; };
		7E371D762174F43B00ECC2C6 /* Assets.xcassets in Resources */ = {isa = PBXBuildFile; fileRef = 7E371D752174F43B00ECC2C6 /* Assets.xcassets */; };
		7E371D792174F43B00ECC2C6 /* LaunchScreen.storyboard in Resources */ = {isa = PBXBuildFile; fileRef = 7E371D772174F43B00ECC2C6 /* LaunchScreen.storyboard */; };
		7E371D7C2174F43B00ECC2C6 /* main.m in Sources */ = {isa = PBXBuildFile; fileRef = 7E371D7B2174F43B00ECC2C6 /* main.m */; };
		7EC0AD7D21856C9800F145AE /* Radar.m in Sources */ = {isa = PBXBuildFile; fileRef = 7EC0AD7C21856C9800F145AE /* Radar.m */; };
		7EC0AD8021856E1300F145AE /* RadarOptions.m in Sources */ = {isa = PBXBuildFile; fileRef = 7EC0AD7F21856E1300F145AE /* RadarOptions.m */; };
		7EC0AD842185862B00F145AE /* RadarRequest.m in Sources */ = {isa = PBXBuildFile; fileRef = 7EC0AD832185862B00F145AE /* RadarRequest.m */; };
		7EC0AD8721860E3500F145AE /* Bleu.m in Sources */ = {isa = PBXBuildFile; fileRef = 7EC0AD8621860E3500F145AE /* Bleu.m */; };
		8407237321801CF40039A788 /* AIMultiDelegate.m in Sources */ = {isa = PBXBuildFile; fileRef = 8407237221801CF30039A788 /* AIMultiDelegate.m */; };
		8424F2D421BA567C006D86B5 /* TestViewController.m in Sources */ = {isa = PBXBuildFile; fileRef = 8424F2D321BA567C006D86B5 /* TestViewController.m */; };
		8424F2DD21BA82BC006D86B5 /* BleCentralManager.m in Sources */ = {isa = PBXBuildFile; fileRef = 8424F2DC21BA82BC006D86B5 /* BleCentralManager.m */; };
		8424F2E021BA82CF006D86B5 /* BleCharacteristic.m in Sources */ = {isa = PBXBuildFile; fileRef = 8424F2DF21BA82CF006D86B5 /* BleCharacteristic.m */; };
		8424F2E321BA82EF006D86B5 /* BlePeripheral.m in Sources */ = {isa = PBXBuildFile; fileRef = 8424F2E221BA82EF006D86B5 /* BlePeripheral.m */; };
		8424F2E621BA8351006D86B5 /* BleService.m in Sources */ = {isa = PBXBuildFile; fileRef = 8424F2E521BA8351006D86B5 /* BleService.m */; };
		8424F2E921BA83DF006D86B5 /* BleUtils.m in Sources */ = {isa = PBXBuildFile; fileRef = 8424F2E821BA83DF006D86B5 /* BleUtils.m */; };
		8424F2F821BA87BD006D86B5 /* LGUtils.m in Sources */ = {isa = PBXBuildFile; fileRef = 8424F2EF21BA87BD006D86B5 /* LGUtils.m */; };
		8424F2F921BA87BD006D86B5 /* CBUUID+StringExtraction.m in Sources */ = {isa = PBXBuildFile; fileRef = 8424F2F221BA87BD006D86B5 /* CBUUID+StringExtraction.m */; };
		8424F2FA21BA87BD006D86B5 /* LGService.m in Sources */ = {isa = PBXBuildFile; fileRef = 8424F2F321BA87BD006D86B5 /* LGService.m */; };
		8424F2FB21BA87BD006D86B5 /* LGCharacteristic.m in Sources */ = {isa = PBXBuildFile; fileRef = 8424F2F521BA87BD006D86B5 /* LGCharacteristic.m */; };
		8424F2FC21BA87BD006D86B5 /* LGPeripheral.m in Sources */ = {isa = PBXBuildFile; fileRef = 8424F2F621BA87BD006D86B5 /* LGPeripheral.m */; };
		8424F2FD21BA87BD006D86B5 /* LGCentralManager.m in Sources */ = {isa = PBXBuildFile; fileRef = 8424F2F721BA87BD006D86B5 /* LGCentralManager.m */; };
		84C2E3D421B902B300591040 /* Pulsator.m in Sources */ = {isa = PBXBuildFile; fileRef = 84C2E3D321B902B300591040 /* Pulsator.m */; };
/* End PBXBuildFile section */

/* Begin PBXFileReference section */
		09CA040F6599DF3469093500 /* Pods-BluetoothKitObjC.release.xcconfig */ = {isa = PBXFileReference; includeInIndex = 1; lastKnownFileType = text.xcconfig; name = "Pods-BluetoothKitObjC.release.xcconfig"; path = "Pods/Target Support Files/Pods-BluetoothKitObjC/Pods-BluetoothKitObjC.release.xcconfig"; sourceTree = "<group>"; };
		4BCFEFA83DA3B316A1D714D7 /* libPods-BluetoothKitObjC.a */ = {isa = PBXFileReference; explicitFileType = archive.ar; includeInIndex = 0; path = "libPods-BluetoothKitObjC.a"; sourceTree = BUILT_PRODUCTS_DIR; };
		7E371D692174F43900ECC2C6 /* BluetoothKitObjC.app */ = {isa = PBXFileReference; explicitFileType = wrapper.application; includeInIndex = 0; path = BluetoothKitObjC.app; sourceTree = BUILT_PRODUCTS_DIR; };
		7E371D6C2174F43900ECC2C6 /* AppDelegate.h */ = {isa = PBXFileReference; lastKnownFileType = sourcecode.c.h; path = AppDelegate.h; sourceTree = "<group>"; };
		7E371D6D2174F43900ECC2C6 /* AppDelegate.m */ = {isa = PBXFileReference; lastKnownFileType = sourcecode.c.objc; path = AppDelegate.m; sourceTree = "<group>"; };
		7E371D6F2174F43900ECC2C6 /* ViewController.h */ = {isa = PBXFileReference; lastKnownFileType = sourcecode.c.h; path = ViewController.h; sourceTree = "<group>"; };
		7E371D702174F43900ECC2C6 /* ViewController.m */ = {isa = PBXFileReference; lastKnownFileType = sourcecode.c.objc; path = ViewController.m; sourceTree = "<group>"; };
		7E371D732174F43900ECC2C6 /* Base */ = {isa = PBXFileReference; lastKnownFileType = file.storyboard; name = Base; path = Base.lproj/Main.storyboard; sourceTree = "<group>"; };
		7E371D752174F43B00ECC2C6 /* Assets.xcassets */ = {isa = PBXFileReference; lastKnownFileType = folder.assetcatalog; path = Assets.xcassets; sourceTree = "<group>"; };
		7E371D782174F43B00ECC2C6 /* Base */ = {isa = PBXFileReference; lastKnownFileType = file.storyboard; name = Base; path = Base.lproj/LaunchScreen.storyboard; sourceTree = "<group>"; };
		7E371D7A2174F43B00ECC2C6 /* Info.plist */ = {isa = PBXFileReference; lastKnownFileType = text.plist.xml; path = Info.plist; sourceTree = "<group>"; };
		7E371D7B2174F43B00ECC2C6 /* main.m */ = {isa = PBXFileReference; lastKnownFileType = sourcecode.c.objc; path = main.m; sourceTree = "<group>"; };
		7EAD003435C6A68FDA4E07FD /* Pods-BluetoothKitObjC.debug.xcconfig */ = {isa = PBXFileReference; includeInIndex = 1; lastKnownFileType = text.xcconfig; name = "Pods-BluetoothKitObjC.debug.xcconfig"; path = "Pods/Target Support Files/Pods-BluetoothKitObjC/Pods-BluetoothKitObjC.debug.xcconfig"; sourceTree = "<group>"; };
		7EC0AD7B21856C9800F145AE /* Radar.h */ = {isa = PBXFileReference; lastKnownFileType = sourcecode.c.h; path = Radar.h; sourceTree = "<group>"; };
		7EC0AD7C21856C9800F145AE /* Radar.m */ = {isa = PBXFileReference; lastKnownFileType = sourcecode.c.objc; path = Radar.m; sourceTree = "<group>"; };
		7EC0AD7E21856E1300F145AE /* RadarOptions.h */ = {isa = PBXFileReference; lastKnownFileType = sourcecode.c.h; path = RadarOptions.h; sourceTree = "<group>"; };
		7EC0AD7F21856E1300F145AE /* RadarOptions.m */ = {isa = PBXFileReference; lastKnownFileType = sourcecode.c.objc; path = RadarOptions.m; sourceTree = "<group>"; };
		7EC0AD812185801300F145AE /* Communicable.h */ = {isa = PBXFileReference; lastKnownFileType = sourcecode.c.h; path = Communicable.h; sourceTree = "<group>"; };
		7EC0AD822185862B00F145AE /* RadarRequest.h */ = {isa = PBXFileReference; lastKnownFileType = sourcecode.c.h; path = RadarRequest.h; sourceTree = "<group>"; };
		7EC0AD832185862B00F145AE /* RadarRequest.m */ = {isa = PBXFileReference; lastKnownFileType = sourcecode.c.objc; path = RadarRequest.m; sourceTree = "<group>"; };
		7EC0AD8521860E3500F145AE /* Bleu.h */ = {isa = PBXFileReference; lastKnownFileType = sourcecode.c.h; path = Bleu.h; sourceTree = "<group>"; };
		7EC0AD8621860E3500F145AE /* Bleu.m */ = {isa = PBXFileReference; lastKnownFileType = sourcecode.c.objc; path = Bleu.m; sourceTree = "<group>"; };
		8407237121801CF30039A788 /* AIMultiDelegate.h */ = {isa = PBXFileReference; fileEncoding = 4; lastKnownFileType = sourcecode.c.h; path = AIMultiDelegate.h; sourceTree = "<group>"; };
		8407237221801CF30039A788 /* AIMultiDelegate.m */ = {isa = PBXFileReference; fileEncoding = 4; lastKnownFileType = sourcecode.c.objc; path = AIMultiDelegate.m; sourceTree = "<group>"; };
		8424F2D221BA567C006D86B5 /* TestViewController.h */ = {isa = PBXFileReference; lastKnownFileType = sourcecode.c.h; path = TestViewController.h; sourceTree = "<group>"; };
		8424F2D321BA567C006D86B5 /* TestViewController.m */ = {isa = PBXFileReference; lastKnownFileType = sourcecode.c.objc; path = TestViewController.m; sourceTree = "<group>"; };
		8424F2DB21BA82BC006D86B5 /* BleCentralManager.h */ = {isa = PBXFileReference; lastKnownFileType = sourcecode.c.h; path = BleCentralManager.h; sourceTree = "<group>"; };
		8424F2DC21BA82BC006D86B5 /* BleCentralManager.m */ = {isa = PBXFileReference; lastKnownFileType = sourcecode.c.objc; path = BleCentralManager.m; sourceTree = "<group>"; };
		8424F2DE21BA82CF006D86B5 /* BleCharacteristic.h */ = {isa = PBXFileReference; lastKnownFileType = sourcecode.c.h; path = BleCharacteristic.h; sourceTree = "<group>"; };
		8424F2DF21BA82CF006D86B5 /* BleCharacteristic.m */ = {isa = PBXFileReference; lastKnownFileType = sourcecode.c.objc; path = BleCharacteristic.m; sourceTree = "<group>"; };
		8424F2E121BA82EF006D86B5 /* BlePeripheral.h */ = {isa = PBXFileReference; lastKnownFileType = sourcecode.c.h; path = BlePeripheral.h; sourceTree = "<group>"; };
		8424F2E221BA82EF006D86B5 /* BlePeripheral.m */ = {isa = PBXFileReference; lastKnownFileType = sourcecode.c.objc; path = BlePeripheral.m; sourceTree = "<group>"; };
		8424F2E421BA8351006D86B5 /* BleService.h */ = {isa = PBXFileReference; lastKnownFileType = sourcecode.c.h; path = BleService.h; sourceTree = "<group>"; };
		8424F2E521BA8351006D86B5 /* BleService.m */ = {isa = PBXFileReference; lastKnownFileType = sourcecode.c.objc; path = BleService.m; sourceTree = "<group>"; };
		8424F2E721BA83DF006D86B5 /* BleUtils.h */ = {isa = PBXFileReference; lastKnownFileType = sourcecode.c.h; path = BleUtils.h; sourceTree = "<group>"; };
		8424F2E821BA83DF006D86B5 /* BleUtils.m */ = {isa = PBXFileReference; lastKnownFileType = sourcecode.c.objc; path = BleUtils.m; sourceTree = "<group>"; };
		8424F2EB21BA87BD006D86B5 /* CBUUID+StringExtraction.h */ = {isa = PBXFileReference; fileEncoding = 4; lastKnownFileType = sourcecode.c.h; path = "CBUUID+StringExtraction.h"; sourceTree = "<group>"; };
		8424F2EC21BA87BD006D86B5 /* LGBluetooth.h */ = {isa = PBXFileReference; fileEncoding = 4; lastKnownFileType = sourcecode.c.h; path = LGBluetooth.h; sourceTree = "<group>"; };
		8424F2ED21BA87BD006D86B5 /* LGCharacteristic.h */ = {isa = PBXFileReference; fileEncoding = 4; lastKnownFileType = sourcecode.c.h; path = LGCharacteristic.h; sourceTree = "<group>"; };
		8424F2EE21BA87BD006D86B5 /* LGService.h */ = {isa = PBXFileReference; fileEncoding = 4; lastKnownFileType = sourcecode.c.h; path = LGService.h; sourceTree = "<group>"; };
		8424F2EF21BA87BD006D86B5 /* LGUtils.m */ = {isa = PBXFileReference; fileEncoding = 4; lastKnownFileType = sourcecode.c.objc; path = LGUtils.m; sourceTree = "<group>"; };
		8424F2F021BA87BD006D86B5 /* LGCentralManager.h */ = {isa = PBXFileReference; fileEncoding = 4; lastKnownFileType = sourcecode.c.h; path = LGCentralManager.h; sourceTree = "<group>"; };
		8424F2F121BA87BD006D86B5 /* LGPeripheral.h */ = {isa = PBXFileReference; fileEncoding = 4; lastKnownFileType = sourcecode.c.h; path = LGPeripheral.h; sourceTree = "<group>"; };
		8424F2F221BA87BD006D86B5 /* CBUUID+StringExtraction.m */ = {isa = PBXFileReference; fileEncoding = 4; lastKnownFileType = sourcecode.c.objc; path = "CBUUID+StringExtraction.m"; sourceTree = "<group>"; };
		8424F2F321BA87BD006D86B5 /* LGService.m */ = {isa = PBXFileReference; fileEncoding = 4; lastKnownFileType = sourcecode.c.objc; path = LGService.m; sourceTree = "<group>"; };
		8424F2F421BA87BD006D86B5 /* LGUtils.h */ = {isa = PBXFileReference; fileEncoding = 4; lastKnownFileType = sourcecode.c.h; path = LGUtils.h; sourceTree = "<group>"; };
		8424F2F521BA87BD006D86B5 /* LGCharacteristic.m */ = {isa = PBXFileReference; fileEncoding = 4; lastKnownFileType = sourcecode.c.objc; path = LGCharacteristic.m; sourceTree = "<group>"; };
		8424F2F621BA87BD006D86B5 /* LGPeripheral.m */ = {isa = PBXFileReference; fileEncoding = 4; lastKnownFileType = sourcecode.c.objc; path = LGPeripheral.m; sourceTree = "<group>"; };
		8424F2F721BA87BD006D86B5 /* LGCentralManager.m */ = {isa = PBXFileReference; fileEncoding = 4; lastKnownFileType = sourcecode.c.objc; path = LGCentralManager.m; sourceTree = "<group>"; };
		8424F2FE21BA884F006D86B5 /* BluetoothKitObjC.pch */ = {isa = PBXFileReference; lastKnownFileType = sourcecode.c.h; path = BluetoothKitObjC.pch; sourceTree = "<group>"; };
		84C2E3D221B902B300591040 /* Pulsator.h */ = {isa = PBXFileReference; lastKnownFileType = sourcecode.c.h; path = Pulsator.h; sourceTree = "<group>"; };
		84C2E3D321B902B300591040 /* Pulsator.m */ = {isa = PBXFileReference; lastKnownFileType = sourcecode.c.objc; path = Pulsator.m; sourceTree = "<group>"; };
/* End PBXFileReference section */

/* Begin PBXFrameworksBuildPhase section */
		7E371D662174F43900ECC2C6 /* Frameworks */ = {
			isa = PBXFrameworksBuildPhase;
			buildActionMask = 2147483647;
			files = (
				17CEAE718752DEF2AFA3E036 /* libPods-BluetoothKitObjC.a in Frameworks */,
			);
			runOnlyForDeploymentPostprocessing = 0;
		};
/* End PBXFrameworksBuildPhase section */

/* Begin PBXGroup section */
		605B4E26345E75F5925FEA94 /* Pods */ = {
			isa = PBXGroup;
			children = (
				7EAD003435C6A68FDA4E07FD /* Pods-BluetoothKitObjC.debug.xcconfig */,
				09CA040F6599DF3469093500 /* Pods-BluetoothKitObjC.release.xcconfig */,
			);
			name = Pods;
			sourceTree = "<group>";
		};
		667C13FB679E1E025A050943 /* Frameworks */ = {
			isa = PBXGroup;
			children = (
				4BCFEFA83DA3B316A1D714D7 /* libPods-BluetoothKitObjC.a */,
			);
			name = Frameworks;
			sourceTree = "<group>";
		};
		7E371D602174F43900ECC2C6 = {
			isa = PBXGroup;
			children = (
				7E371D6B2174F43900ECC2C6 /* BluetoothKitObjC */,
				7E371D6A2174F43900ECC2C6 /* Products */,
				605B4E26345E75F5925FEA94 /* Pods */,
				667C13FB679E1E025A050943 /* Frameworks */,
			);
			sourceTree = "<group>";
		};
		7E371D6A2174F43900ECC2C6 /* Products */ = {
			isa = PBXGroup;
			children = (
				7E371D692174F43900ECC2C6 /* BluetoothKitObjC.app */,
			);
			name = Products;
			sourceTree = "<group>";
		};
		7E371D6B2174F43900ECC2C6 /* BluetoothKitObjC */ = {
			isa = PBXGroup;
			children = (
				8424F2EA21BA87BD006D86B5 /* LGBluetooth */,
				8424F2D121BA26B6006D86B5 /* BleClient */,
				84C2E3D121B9026D00591040 /* Pulsator */,
				7EC0AD7A21856C4B00F145AE /* Bleu */,
				8407237021801CF30039A788 /* MultiDelegate */,
				7E371D6C2174F43900ECC2C6 /* AppDelegate.h */,
				7E371D6D2174F43900ECC2C6 /* AppDelegate.m */,
				7E371D6F2174F43900ECC2C6 /* ViewController.h */,
				7E371D702174F43900ECC2C6 /* ViewController.m */,
				8424F2D221BA567C006D86B5 /* TestViewController.h */,
				8424F2D321BA567C006D86B5 /* TestViewController.m */,
				7E371D722174F43900ECC2C6 /* Main.storyboard */,
				7E371D752174F43B00ECC2C6 /* Assets.xcassets */,
				7E371D772174F43B00ECC2C6 /* LaunchScreen.storyboard */,
				7E371D7A2174F43B00ECC2C6 /* Info.plist */,
				7E371D7B2174F43B00ECC2C6 /* main.m */,
				8424F2FE21BA884F006D86B5 /* BluetoothKitObjC.pch */,
			);
			path = BluetoothKitObjC;
			sourceTree = "<group>";
		};
		7EC0AD7A21856C4B00F145AE /* Bleu */ = {
			isa = PBXGroup;
			children = (
				7EC0AD8521860E3500F145AE /* Bleu.h */,
				7EC0AD8621860E3500F145AE /* Bleu.m */,
				7EC0AD7B21856C9800F145AE /* Radar.h */,
				7EC0AD7C21856C9800F145AE /* Radar.m */,
				7EC0AD7E21856E1300F145AE /* RadarOptions.h */,
				7EC0AD7F21856E1300F145AE /* RadarOptions.m */,
				7EC0AD812185801300F145AE /* Communicable.h */,
				7EC0AD822185862B00F145AE /* RadarRequest.h */,
				7EC0AD832185862B00F145AE /* RadarRequest.m */,
			);
			path = Bleu;
			sourceTree = "<group>";
		};
		8407237021801CF30039A788 /* MultiDelegate */ = {
			isa = PBXGroup;
			children = (
				8407237121801CF30039A788 /* AIMultiDelegate.h */,
				8407237221801CF30039A788 /* AIMultiDelegate.m */,
			);
			path = MultiDelegate;
			sourceTree = "<group>";
		};
		8424F2D121BA26B6006D86B5 /* BleClient */ = {
			isa = PBXGroup;
			children = (
				8424F2DB21BA82BC006D86B5 /* BleCentralManager.h */,
				8424F2DC21BA82BC006D86B5 /* BleCentralManager.m */,
				8424F2DE21BA82CF006D86B5 /* BleCharacteristic.h */,
				8424F2DF21BA82CF006D86B5 /* BleCharacteristic.m */,
				8424F2E121BA82EF006D86B5 /* BlePeripheral.h */,
				8424F2E221BA82EF006D86B5 /* BlePeripheral.m */,
				8424F2E421BA8351006D86B5 /* BleService.h */,
				8424F2E521BA8351006D86B5 /* BleService.m */,
				8424F2E721BA83DF006D86B5 /* BleUtils.h */,
				8424F2E821BA83DF006D86B5 /* BleUtils.m */,
			);
			path = BleClient;
			sourceTree = "<group>";
		};
		8424F2EA21BA87BD006D86B5 /* LGBluetooth */ = {
			isa = PBXGroup;
			children = (
				8424F2EB21BA87BD006D86B5 /* CBUUID+StringExtraction.h */,
				8424F2EC21BA87BD006D86B5 /* LGBluetooth.h */,
				8424F2ED21BA87BD006D86B5 /* LGCharacteristic.h */,
				8424F2EE21BA87BD006D86B5 /* LGService.h */,
				8424F2EF21BA87BD006D86B5 /* LGUtils.m */,
				8424F2F021BA87BD006D86B5 /* LGCentralManager.h */,
				8424F2F121BA87BD006D86B5 /* LGPeripheral.h */,
				8424F2F221BA87BD006D86B5 /* CBUUID+StringExtraction.m */,
				8424F2F321BA87BD006D86B5 /* LGService.m */,
				8424F2F421BA87BD006D86B5 /* LGUtils.h */,
				8424F2F521BA87BD006D86B5 /* LGCharacteristic.m */,
				8424F2F621BA87BD006D86B5 /* LGPeripheral.m */,
				8424F2F721BA87BD006D86B5 /* LGCentralManager.m */,
			);
			path = LGBluetooth;
			sourceTree = "<group>";
		};
		84C2E3D121B9026D00591040 /* Pulsator */ = {
			isa = PBXGroup;
			children = (
				84C2E3D221B902B300591040 /* Pulsator.h */,
				84C2E3D321B902B300591040 /* Pulsator.m */,
			);
			path = Pulsator;
			sourceTree = "<group>";
		};
/* End PBXGroup section */

/* Begin PBXNativeTarget section */
		7E371D682174F43900ECC2C6 /* BluetoothKitObjC */ = {
			isa = PBXNativeTarget;
			buildConfigurationList = 7E371D7F2174F43B00ECC2C6 /* Build configuration list for PBXNativeTarget "BluetoothKitObjC" */;
			buildPhases = (
				524CA98F3BB841C7974DA74B /* [CP] Check Pods Manifest.lock */,
				7E371D652174F43900ECC2C6 /* Sources */,
				7E371D662174F43900ECC2C6 /* Frameworks */,
				7E371D672174F43900ECC2C6 /* Resources */,
			);
			buildRules = (
			);
			dependencies = (
			);
			name = BluetoothKitObjC;
			productName = BluetoothKitObjC;
			productReference = 7E371D692174F43900ECC2C6 /* BluetoothKitObjC.app */;
			productType = "com.apple.product-type.application";
		};
/* End PBXNativeTarget section */

/* Begin PBXProject section */
		7E371D612174F43900ECC2C6 /* Project object */ = {
			isa = PBXProject;
			attributes = {
				LastUpgradeCheck = 0940;
				ORGANIZATIONNAME = samuel;
				TargetAttributes = {
					7E371D682174F43900ECC2C6 = {
						CreatedOnToolsVersion = 9.4.1;
						SystemCapabilities = {
							com.apple.BackgroundModes = {
								enabled = 1;
							};
						};
					};
				};
			};
			buildConfigurationList = 7E371D642174F43900ECC2C6 /* Build configuration list for PBXProject "BluetoothKitObjC" */;
			compatibilityVersion = "Xcode 9.3";
			developmentRegion = en;
			hasScannedForEncodings = 0;
			knownRegions = (
				en,
				Base,
			);
			mainGroup = 7E371D602174F43900ECC2C6;
			productRefGroup = 7E371D6A2174F43900ECC2C6 /* Products */;
			projectDirPath = "";
			projectRoot = "";
			targets = (
				7E371D682174F43900ECC2C6 /* BluetoothKitObjC */,
			);
		};
/* End PBXProject section */

/* Begin PBXResourcesBuildPhase section */
		7E371D672174F43900ECC2C6 /* Resources */ = {
			isa = PBXResourcesBuildPhase;
			buildActionMask = 2147483647;
			files = (
				7E371D792174F43B00ECC2C6 /* LaunchScreen.storyboard in Resources */,
				7E371D762174F43B00ECC2C6 /* Assets.xcassets in Resources */,
				7E371D742174F43900ECC2C6 /* Main.storyboard in Resources */,
			);
			runOnlyForDeploymentPostprocessing = 0;
		};
/* End PBXResourcesBuildPhase section */

/* Begin PBXShellScriptBuildPhase section */
		524CA98F3BB841C7974DA74B /* [CP] Check Pods Manifest.lock */ = {
			isa = PBXShellScriptBuildPhase;
			buildActionMask = 2147483647;
			files = (
			);
			inputPaths = (
				"${PODS_PODFILE_DIR_PATH}/Podfile.lock",
				"${PODS_ROOT}/Manifest.lock",
			);
			name = "[CP] Check Pods Manifest.lock";
			outputPaths = (
				"$(DERIVED_FILE_DIR)/Pods-BluetoothKitObjC-checkManifestLockResult.txt",
			);
			runOnlyForDeploymentPostprocessing = 0;
			shellPath = /bin/sh;
			shellScript = "diff \"${PODS_PODFILE_DIR_PATH}/Podfile.lock\" \"${PODS_ROOT}/Manifest.lock\" > /dev/null\nif [ $? != 0 ] ; then\n    # print error to STDERR\n    echo \"error: The sandbox is not in sync with the Podfile.lock. Run 'pod install' or update your CocoaPods installation.\" >&2\n    exit 1\nfi\n# This output is used by Xcode 'outputs' to avoid re-running this script phase.\necho \"SUCCESS\" > \"${SCRIPT_OUTPUT_FILE_0}\"\n";
			showEnvVarsInLog = 0;
		};
/* End PBXShellScriptBuildPhase section */

/* Begin PBXSourcesBuildPhase section */
		7E371D652174F43900ECC2C6 /* Sources */ = {
			isa = PBXSourcesBuildPhase;
			buildActionMask = 2147483647;
			files = (
				7E371D712174F43900ECC2C6 /* ViewController.m in Sources */,
				8424F2E021BA82CF006D86B5 /* BleCharacteristic.m in Sources */,
				7EC0AD842185862B00F145AE /* RadarRequest.m in Sources */,
				8424F2E321BA82EF006D86B5 /* BlePeripheral.m in Sources */,
				8424F2D421BA567C006D86B5 /* TestViewController.m in Sources */,
				7EC0AD8721860E3500F145AE /* Bleu.m in Sources */,
				8407237321801CF40039A788 /* AIMultiDelegate.m in Sources */,
				7E371D7C2174F43B00ECC2C6 /* main.m in Sources */,
				8424F2FA21BA87BD006D86B5 /* LGService.m in Sources */,
				7EC0AD7D21856C9800F145AE /* Radar.m in Sources */,
				8424F2FC21BA87BD006D86B5 /* LGPeripheral.m in Sources */,
				8424F2FD21BA87BD006D86B5 /* LGCentralManager.m in Sources */,
				7E371D6E2174F43900ECC2C6 /* AppDelegate.m in Sources */,
				8424F2F821BA87BD006D86B5 /* LGUtils.m in Sources */,
				8424F2E921BA83DF006D86B5 /* BleUtils.m in Sources */,
				84C2E3D421B902B300591040 /* Pulsator.m in Sources */,
				8424F2FB21BA87BD006D86B5 /* LGCharacteristic.m in Sources */,
				8424F2E621BA8351006D86B5 /* BleService.m in Sources */,
				8424F2F921BA87BD006D86B5 /* CBUUID+StringExtraction.m in Sources */,
				8424F2DD21BA82BC006D86B5 /* BleCentralManager.m in Sources */,
				7EC0AD8021856E1300F145AE /* RadarOptions.m in Sources */,
			);
			runOnlyForDeploymentPostprocessing = 0;
		};
/* End PBXSourcesBuildPhase section */

/* Begin PBXVariantGroup section */
		7E371D722174F43900ECC2C6 /* Main.storyboard */ = {
			isa = PBXVariantGroup;
			children = (
				7E371D732174F43900ECC2C6 /* Base */,
			);
			name = Main.storyboard;
			sourceTree = "<group>";
		};
		7E371D772174F43B00ECC2C6 /* LaunchScreen.storyboard */ = {
			isa = PBXVariantGroup;
			children = (
				7E371D782174F43B00ECC2C6 /* Base */,
			);
			name = LaunchScreen.storyboard;
			sourceTree = "<group>";
		};
/* End PBXVariantGroup section */

/* Begin XCBuildConfiguration section */
		7E371D7D2174F43B00ECC2C6 /* Debug */ = {
			isa = XCBuildConfiguration;
			buildSettings = {
				ALWAYS_SEARCH_USER_PATHS = NO;
				CLANG_ANALYZER_NONNULL = YES;
				CLANG_ANALYZER_NUMBER_OBJECT_CONVERSION = YES_AGGRESSIVE;
				CLANG_CXX_LANGUAGE_STANDARD = "gnu++14";
				CLANG_CXX_LIBRARY = "libc++";
				CLANG_ENABLE_MODULES = YES;
				CLANG_ENABLE_OBJC_ARC = YES;
				CLANG_ENABLE_OBJC_WEAK = YES;
				CLANG_WARN_BLOCK_CAPTURE_AUTORELEASING = YES;
				CLANG_WARN_BOOL_CONVERSION = YES;
				CLANG_WARN_COMMA = YES;
				CLANG_WARN_CONSTANT_CONVERSION = YES;
				CLANG_WARN_DEPRECATED_OBJC_IMPLEMENTATIONS = YES;
				CLANG_WARN_DIRECT_OBJC_ISA_USAGE = YES_ERROR;
				CLANG_WARN_DOCUMENTATION_COMMENTS = YES;
				CLANG_WARN_EMPTY_BODY = YES;
				CLANG_WARN_ENUM_CONVERSION = YES;
				CLANG_WARN_INFINITE_RECURSION = YES;
				CLANG_WARN_INT_CONVERSION = YES;
				CLANG_WARN_NON_LITERAL_NULL_CONVERSION = YES;
				CLANG_WARN_OBJC_IMPLICIT_RETAIN_SELF = YES;
				CLANG_WARN_OBJC_LITERAL_CONVERSION = YES;
				CLANG_WARN_OBJC_ROOT_CLASS = YES_ERROR;
				CLANG_WARN_RANGE_LOOP_ANALYSIS = YES;
				CLANG_WARN_STRICT_PROTOTYPES = YES;
				CLANG_WARN_SUSPICIOUS_MOVE = YES;
				CLANG_WARN_UNGUARDED_AVAILABILITY = YES_AGGRESSIVE;
				CLANG_WARN_UNREACHABLE_CODE = YES;
				CLANG_WARN__DUPLICATE_METHOD_MATCH = YES;
				CODE_SIGN_IDENTITY = "iPhone Developer";
				COPY_PHASE_STRIP = NO;
				DEBUG_INFORMATION_FORMAT = dwarf;
				ENABLE_STRICT_OBJC_MSGSEND = YES;
				ENABLE_TESTABILITY = YES;
				GCC_C_LANGUAGE_STANDARD = gnu11;
				GCC_DYNAMIC_NO_PIC = NO;
				GCC_NO_COMMON_BLOCKS = YES;
				GCC_OPTIMIZATION_LEVEL = 0;
				GCC_PREPROCESSOR_DEFINITIONS = (
					"DEBUG=1",
					"$(inherited)",
				);
				GCC_WARN_64_TO_32_BIT_CONVERSION = YES;
				GCC_WARN_ABOUT_RETURN_TYPE = YES_ERROR;
				GCC_WARN_UNDECLARED_SELECTOR = YES;
				GCC_WARN_UNINITIALIZED_AUTOS = YES_AGGRESSIVE;
				GCC_WARN_UNUSED_FUNCTION = YES;
				GCC_WARN_UNUSED_VARIABLE = YES;
				IPHONEOS_DEPLOYMENT_TARGET = 9.0;
				MTL_ENABLE_DEBUG_INFO = YES;
				ONLY_ACTIVE_ARCH = YES;
				SDKROOT = iphoneos;
			};
			name = Debug;
		};
		7E371D7E2174F43B00ECC2C6 /* Release */ = {
			isa = XCBuildConfiguration;
			buildSettings = {
				ALWAYS_SEARCH_USER_PATHS = NO;
				CLANG_ANALYZER_NONNULL = YES;
				CLANG_ANALYZER_NUMBER_OBJECT_CONVERSION = YES_AGGRESSIVE;
				CLANG_CXX_LANGUAGE_STANDARD = "gnu++14";
				CLANG_CXX_LIBRARY = "libc++";
				CLANG_ENABLE_MODULES = YES;
				CLANG_ENABLE_OBJC_ARC = YES;
				CLANG_ENABLE_OBJC_WEAK = YES;
				CLANG_WARN_BLOCK_CAPTURE_AUTORELEASING = YES;
				CLANG_WARN_BOOL_CONVERSION = YES;
				CLANG_WARN_COMMA = YES;
				CLANG_WARN_CONSTANT_CONVERSION = YES;
				CLANG_WARN_DEPRECATED_OBJC_IMPLEMENTATIONS = YES;
				CLANG_WARN_DIRECT_OBJC_ISA_USAGE = YES_ERROR;
				CLANG_WARN_DOCUMENTATION_COMMENTS = YES;
				CLANG_WARN_EMPTY_BODY = YES;
				CLANG_WARN_ENUM_CONVERSION = YES;
				CLANG_WARN_INFINITE_RECURSION = YES;
				CLANG_WARN_INT_CONVERSION = YES;
				CLANG_WARN_NON_LITERAL_NULL_CONVERSION = YES;
				CLANG_WARN_OBJC_IMPLICIT_RETAIN_SELF = YES;
				CLANG_WARN_OBJC_LITERAL_CONVERSION = YES;
				CLANG_WARN_OBJC_ROOT_CLASS = YES_ERROR;
				CLANG_WARN_RANGE_LOOP_ANALYSIS = YES;
				CLANG_WARN_STRICT_PROTOTYPES = YES;
				CLANG_WARN_SUSPICIOUS_MOVE = YES;
				CLANG_WARN_UNGUARDED_AVAILABILITY = YES_AGGRESSIVE;
				CLANG_WARN_UNREACHABLE_CODE = YES;
				CLANG_WARN__DUPLICATE_METHOD_MATCH = YES;
				CODE_SIGN_IDENTITY = "iPhone Developer";
				COPY_PHASE_STRIP = NO;
				DEBUG_INFORMATION_FORMAT = "dwarf-with-dsym";
				ENABLE_NS_ASSERTIONS = NO;
				ENABLE_STRICT_OBJC_MSGSEND = YES;
				GCC_C_LANGUAGE_STANDARD = gnu11;
				GCC_NO_COMMON_BLOCKS = YES;
				GCC_WARN_64_TO_32_BIT_CONVERSION = YES;
				GCC_WARN_ABOUT_RETURN_TYPE = YES_ERROR;
				GCC_WARN_UNDECLARED_SELECTOR = YES;
				GCC_WARN_UNINITIALIZED_AUTOS = YES_AGGRESSIVE;
				GCC_WARN_UNUSED_FUNCTION = YES;
				GCC_WARN_UNUSED_VARIABLE = YES;
				IPHONEOS_DEPLOYMENT_TARGET = 9.0;
				MTL_ENABLE_DEBUG_INFO = NO;
				SDKROOT = iphoneos;
				VALIDATE_PRODUCT = YES;
			};
			name = Release;
		};
		7E371D802174F43B00ECC2C6 /* Debug */ = {
			isa = XCBuildConfiguration;
			baseConfigurationReference = 7EAD003435C6A68FDA4E07FD /* Pods-BluetoothKitObjC.debug.xcconfig */;
			buildSettings = {
				ASSETCATALOG_COMPILER_APPICON_NAME = AppIcon;
				CODE_SIGN_STYLE = Automatic;
				DEVELOPMENT_TEAM = 4E86YQZE64;
				GCC_PRECOMPILE_PREFIX_HEADER = YES;
				GCC_PREFIX_HEADER = BluetoothKitObjC/BluetoothKitObjC.pch;
				INFOPLIST_FILE = BluetoothKitObjC/Info.plist;
				LD_RUNPATH_SEARCH_PATHS = (
					"$(inherited)",
					"@executable_path/Frameworks",
				);
				PRODUCT_BUNDLE_IDENTIFIER = com.babyface.bluetoothkit.BluetoothKitObjC;
				PRODUCT_NAME = "$(TARGET_NAME)";
				TARGETED_DEVICE_FAMILY = "1,2";
			};
			name = Debug;
		};
		7E371D812174F43B00ECC2C6 /* Release */ = {
			isa = XCBuildConfiguration;
			baseConfigurationReference = 09CA040F6599DF3469093500 /* Pods-BluetoothKitObjC.release.xcconfig */;
			buildSettings = {
				ASSETCATALOG_COMPILER_APPICON_NAME = AppIcon;
				CODE_SIGN_STYLE = Automatic;
				DEVELOPMENT_TEAM = 4E86YQZE64;
				GCC_PRECOMPILE_PREFIX_HEADER = YES;
				GCC_PREFIX_HEADER = BluetoothKitObjC/BluetoothKitObjC.pch;
				INFOPLIST_FILE = BluetoothKitObjC/Info.plist;
				LD_RUNPATH_SEARCH_PATHS = (
					"$(inherited)",
					"@executable_path/Frameworks",
				);
				PRODUCT_BUNDLE_IDENTIFIER = com.babyface.bluetoothkit.BluetoothKitObjC;
				PRODUCT_NAME = "$(TARGET_NAME)";
				TARGETED_DEVICE_FAMILY = "1,2";
			};
			name = Release;
		};
/* End XCBuildConfiguration section */

/* Begin XCConfigurationList section */
		7E371D642174F43900ECC2C6 /* Build configuration list for PBXProject "BluetoothKitObjC" */ = {
			isa = XCConfigurationList;
			buildConfigurations = (
				7E371D7D2174F43B00ECC2C6 /* Debug */,
				7E371D7E2174F43B00ECC2C6 /* Release */,
			);
			defaultConfigurationIsVisible = 0;
			defaultConfigurationName = Release;
		};
		7E371D7F2174F43B00ECC2C6 /* Build configuration list for PBXNativeTarget "BluetoothKitObjC" */ = {
			isa = XCConfigurationList;
			buildConfigurations = (
				7E371D802174F43B00ECC2C6 /* Debug */,
				7E371D812174F43B00ECC2C6 /* Release */,
			);
			defaultConfigurationIsVisible = 0;
			defaultConfigurationName = Release;
		};
/* End XCConfigurationList section */
	};
	rootObject = 7E371D612174F43900ECC2C6 /* Project object */;
}
